// !$*UTF8*$!
{
	archiveVersion = 1;
	classes = {
	};
	objectVersion = 46;
	objects = {

/* Begin PBXBuildFile section */
		878BB19E1A11DF6E00E1A485 /* ring.caf in Resources */ = {isa = PBXBuildFile; fileRef = 878BB19D1A11DF6E00E1A485 /* ring.caf */; };
		879161941A10B04E00720F43 /* main.m in Sources */ = {isa = PBXBuildFile; fileRef = 879161931A10B04E00720F43 /* main.m */; };
		879161971A10B04F00720F43 /* AppDelegate.m in Sources */ = {isa = PBXBuildFile; fileRef = 879161961A10B04F00720F43 /* AppDelegate.m */; };
		8791619A1A10B04F00720F43 /* ViewController.m in Sources */ = {isa = PBXBuildFile; fileRef = 879161991A10B04F00720F43 /* ViewController.m */; };
		8791619D1A10B04F00720F43 /* Main.storyboard in Resources */ = {isa = PBXBuildFile; fileRef = 8791619B1A10B04F00720F43 /* Main.storyboard */; };
		8791619F1A10B04F00720F43 /* Images.xcassets in Resources */ = {isa = PBXBuildFile; fileRef = 8791619E1A10B04F00720F43 /* Images.xcassets */; };
		879161A21A10B04F00720F43 /* LaunchScreen.xib in Resources */ = {isa = PBXBuildFile; fileRef = 879161A01A10B04F00720F43 /* LaunchScreen.xib */; };
		879161AE1A10B04F00720F43 /* LocalNotificationTests.m in Sources */ = {isa = PBXBuildFile; fileRef = 879161AD1A10B04F00720F43 /* LocalNotificationTests.m */; };
/* End PBXBuildFile section */

/* Begin PBXContainerItemProxy section */
		879161A81A10B04F00720F43 /* PBXContainerItemProxy */ = {
			isa = PBXContainerItemProxy;
			containerPortal = 879161861A10B04E00720F43 /* Project object */;
			proxyType = 1;
			remoteGlobalIDString = 8791618D1A10B04E00720F43;
			remoteInfo = LocalNotification;
		};
/* End PBXContainerItemProxy section */

/* Begin PBXFileReference section */
		878BB19D1A11DF6E00E1A485 /* ring.caf */ = {isa = PBXFileReference; lastKnownFileType = file; path = ring.caf; sourceTree = "<group>"; };
		8791618E1A10B04E00720F43 /* LocalNotification.app */ = {isa = PBXFileReference; explicitFileType = wrapper.application; includeInIndex = 0; path = LocalNotification.app; sourceTree = BUILT_PRODUCTS_DIR; };
		879161921A10B04E00720F43 /* Info.plist */ = {isa = PBXFileReference; lastKnownFileType = text.plist.xml; path = Info.plist; sourceTree = "<group>"; };
		879161931A10B04E00720F43 /* main.m */ = {isa = PBXFileReference; lastKnownFileType = sourcecode.c.objc; path = main.m; sourceTree = "<group>"; };
		879161951A10B04F00720F43 /* AppDelegate.h */ = {isa = PBXFileReference; lastKnownFileType = sourcecode.c.h; path = AppDelegate.h; sourceTree = "<group>"; };
		879161961A10B04F00720F43 /* AppDelegate.m */ = {isa = PBXFileReference; lastKnownFileType = sourcecode.c.objc; path = AppDelegate.m; sourceTree = "<group>"; };
		879161981A10B04F00720F43 /* ViewController.h */ = {isa = PBXFileReference; lastKnownFileType = sourcecode.c.h; path = ViewController.h; sourceTree = "<group>"; };
		879161991A10B04F00720F43 /* ViewController.m */ = {isa = PBXFileReference; lastKnownFileType = sourcecode.c.objc; path = ViewController.m; sourceTree = "<group>"; };
		8791619C1A10B04F00720F43 /* Base */ = {isa = PBXFileReference; lastKnownFileType = file.storyboard; name = Base; path = Base.lproj/Main.storyboard; sourceTree = "<group>"; };
		8791619E1A10B04F00720F43 /* Images.xcassets */ = {isa = PBXFileReference; lastKnownFileType = folder.assetcatalog; path = Images.xcassets; sourceTree = "<group>"; };
		879161A11A10B04F00720F43 /* Base */ = {isa = PBXFileReference; lastKnownFileType = file.xib; name = Base; path = Base.lproj/LaunchScreen.xib; sourceTree = "<group>"; };
		879161A71A10B04F00720F43 /* LocalNotificationTests.xctest */ = {isa = PBXFileReference; explicitFileType = wrapper.cfbundle; includeInIndex = 0; path = LocalNotificationTests.xctest; sourceTree = BUILT_PRODUCTS_DIR; };
		879161AC1A10B04F00720F43 /* Info.plist */ = {isa = PBXFileReference; lastKnownFileType = text.plist.xml; path = Info.plist; sourceTree = "<group>"; };
		879161AD1A10B04F00720F43 /* LocalNotificationTests.m */ = {isa = PBXFileReference; lastKnownFileType = sourcecode.c.objc; path = LocalNotificationTests.m; sourceTree = "<group>"; };
/* End PBXFileReference section */

/* Begin PBXFrameworksBuildPhase section */
		8791618B1A10B04E00720F43 /* Frameworks */ = {
			isa = PBXFrameworksBuildPhase;
			buildActionMask = 2147483647;
			files = (
			);
			runOnlyForDeploymentPostprocessing = 0;
		};
		879161A41A10B04F00720F43 /* Frameworks */ = {
			isa = PBXFrameworksBuildPhase;
			buildActionMask = 2147483647;
			files = (
			);
			runOnlyForDeploymentPostprocessing = 0;
		};
/* End PBXFrameworksBuildPhase section */

/* Begin PBXGroup section */
		879161851A10B04E00720F43 = {
			isa = PBXGroup;
			children = (
				879161901A10B04E00720F43 /* LocalNotification */,
				879161AA1A10B04F00720F43 /* LocalNotificationTests */,
				8791618F1A10B04E00720F43 /* Products */,
			);
			sourceTree = "<group>";
		};
		8791618F1A10B04E00720F43 /* Products */ = {
			isa = PBXGroup;
			children = (
				8791618E1A10B04E00720F43 /* LocalNotification.app */,
				879161A71A10B04F00720F43 /* LocalNotificationTests.xctest */,
			);
			name = Products;
			sourceTree = "<group>";
		};
		879161901A10B04E00720F43 /* LocalNotification */ = {
			isa = PBXGroup;
			children = (
				878BB19D1A11DF6E00E1A485 /* ring.caf */,
				879161951A10B04F00720F43 /* AppDelegate.h */,
				879161961A10B04F00720F43 /* AppDelegate.m */,
				879161981A10B04F00720F43 /* ViewController.h */,
				879161991A10B04F00720F43 /* ViewController.m */,
				8791619B1A10B04F00720F43 /* Main.storyboard */,
				8791619E1A10B04F00720F43 /* Images.xcassets */,
				879161A01A10B04F00720F43 /* LaunchScreen.xib */,
				879161911A10B04E00720F43 /* Supporting Files */,
			);
			path = LocalNotification;
			sourceTree = "<group>";
		};
		879161911A10B04E00720F43 /* Supporting Files */ = {
			isa = PBXGroup;
			children = (
				879161921A10B04E00720F43 /* Info.plist */,
				879161931A10B04E00720F43 /* main.m */,
			);
			name = "Supporting Files";
			sourceTree = "<group>";
		};
		879161AA1A10B04F00720F43 /* LocalNotificationTests */ = {
			isa = PBXGroup;
			children = (
				879161AD1A10B04F00720F43 /* LocalNotificationTests.m */,
				879161AB1A10B04F00720F43 /* Supporting Files */,
			);
			path = LocalNotificationTests;
			sourceTree = "<group>";
		};
		879161AB1A10B04F00720F43 /* Supporting Files */ = {
			isa = PBXGroup;
			children = (
				879161AC1A10B04F00720F43 /* Info.plist */,
			);
			name = "Supporting Files";
			sourceTree = "<group>";
		};
/* End PBXGroup section */

/* Begin PBXNativeTarget section */
		8791618D1A10B04E00720F43 /* LocalNotification */ = {
			isa = PBXNativeTarget;
			buildConfigurationList = 879161B11A10B04F00720F43 /* Build configuration list for PBXNativeTarget "LocalNotification" */;
			buildPhases = (
				8791618A1A10B04E00720F43 /* Sources */,
				8791618B1A10B04E00720F43 /* Frameworks */,
				8791618C1A10B04E00720F43 /* Resources */,
			);
			buildRules = (
			);
			dependencies = (
			);
			name = LocalNotification;
			productName = LocalNotification;
			productReference = 8791618E1A10B04E00720F43 /* LocalNotification.app */;
			productType = "com.apple.product-type.application";
		};
		879161A61A10B04F00720F43 /* LocalNotificationTests */ = {
			isa = PBXNativeTarget;
			buildConfigurationList = 879161B41A10B04F00720F43 /* Build configuration list for PBXNativeTarget "LocalNotificationTests" */;
			buildPhases = (
				879161A31A10B04F00720F43 /* Sources */,
				879161A41A10B04F00720F43 /* Frameworks */,
				879161A51A10B04F00720F43 /* Resources */,
			);
			buildRules = (
			);
			dependencies = (
				879161A91A10B04F00720F43 /* PBXTargetDependency */,
			);
			name = LocalNotificationTests;
			productName = LocalNotificationTests;
			productReference = 879161A71A10B04F00720F43 /* LocalNotificationTests.xctest */;
			productType = "com.apple.product-type.bundle.unit-test";
		};
/* End PBXNativeTarget section */

/* Begin PBXProject section */
		879161861A10B04E00720F43 /* Project object */ = {
			isa = PBXProject;
			attributes = {
				LastUpgradeCheck = 0610;
				ORGANIZATIONNAME = chenhao;
				TargetAttributes = {
					8791618D1A10B04E00720F43 = {
						CreatedOnToolsVersion = 6.1;
					};
					879161A61A10B04F00720F43 = {
						CreatedOnToolsVersion = 6.1;
						TestTargetID = 8791618D1A10B04E00720F43;
					};
				};
			};
			buildConfigurationList = 879161891A10B04E00720F43 /* Build configuration list for PBXProject "LocalNotification" */;
			compatibilityVersion = "Xcode 3.2";
			developmentRegion = English;
			hasScannedForEncodings = 0;
			knownRegions = (
				en,
				Base,
			);
			mainGroup = 879161851A10B04E00720F43;
			productRefGroup = 8791618F1A10B04E00720F43 /* Products */;
			projectDirPath = "";
			projectRoot = "";
			targets = (
				8791618D1A10B04E00720F43 /* LocalNotification */,
				879161A61A10B04F00720F43 /* LocalNotificationTests */,
			);
		};
/* End PBXProject section */

/* Begin PBXResourcesBuildPhase section */
		8791618C1A10B04E00720F43 /* Resources */ = {
			isa = PBXResourcesBuildPhase;
			buildActionMask = 2147483647;
			files = (
				878BB19E1A11DF6E00E1A485 /* ring.caf in Resources */,
				8791619D1A10B04F00720F43 /* Main.storyboard in Resources */,
				879161A21A10B04F00720F43 /* LaunchScreen.xib in Resources */,
				8791619F1A10B04F00720F43 /* Images.xcassets in Resources */,
			);
			runOnlyForDeploymentPostprocessing = 0;
		};
		879161A51A10B04F00720F43 /* Resources */ = {
			isa = PBXResourcesBuildPhase;
			buildActionMask = 2147483647;
			files = (
			);
			runOnlyForDeploymentPostprocessing = 0;
		};
/* End PBXResourcesBuildPhase section */

/* Begin PBXSourcesBuildPhase section */
		8791618A1A10B04E00720F43 /* Sources */ = {
			isa = PBXSourcesBuildPhase;
			buildActionMask = 2147483647;
			files = (
				8791619A1A10B04F00720F43 /* ViewController.m in Sources */,
				879161971A10B04F00720F43 /* AppDelegate.m in Sources */,
				879161941A10B04E00720F43 /* main.m in Sources */,
			);
			runOnlyForDeploymentPostprocessing = 0;
		};
		879161A31A10B04F00720F43 /* Sources */ = {
			isa = PBXSourcesBuildPhase;
			buildActionMask = 2147483647;
			files = (
				879161AE1A10B04F00720F43 /* LocalNotificationTests.m in Sources */,
			);
			runOnlyForDeploymentPostprocessing = 0;
		};
/* End PBXSourcesBuildPhase section */

/* Begin PBXTargetDependency section */
		879161A91A10B04F00720F43 /* PBXTargetDependency */ = {
			isa = PBXTargetDependency;
			target = 8791618D1A10B04E00720F43 /* LocalNotification */;
			targetProxy = 879161A81A10B04F00720F43 /* PBXContainerItemProxy */;
		};
/* End PBXTargetDependency section */

/* Begin PBXVariantGroup section */
		8791619B1A10B04F00720F43 /* Main.storyboard */ = {
			isa = PBXVariantGroup;
			children = (
				8791619C1A10B04F00720F43 /* Base */,
			);
			name = Main.storyboard;
			sourceTree = "<group>";
		};
		879161A01A10B04F00720F43 /* LaunchScreen.xib */ = {
			isa = PBXVariantGroup;
			children = (
				879161A11A10B04F00720F43 /* Base */,
			);
			name = LaunchScreen.xib;
			sourceTree = "<group>";
		};
/* End PBXVariantGroup section */

/* Begin XCBuildConfiguration section */
		879161AF1A10B04F00720F43 /* Debug */ = {
			isa = XCBuildConfiguration;
			buildSettings = {
				ALWAYS_SEARCH_USER_PATHS = NO;
				CLANG_CXX_LANGUAGE_STANDARD = "gnu++0x";
				CLANG_CXX_LIBRARY = "libc++";
				CLANG_ENABLE_MODULES = YES;
				CLANG_ENABLE_OBJC_ARC = YES;
				CLANG_WARN_BOOL_CONVERSION = YES;
				CLANG_WARN_CONSTANT_CONVERSION = YES;
				CLANG_WARN_DIRECT_OBJC_ISA_USAGE = YES_ERROR;
				CLANG_WARN_EMPTY_BODY = YES;
				CLANG_WARN_ENUM_CONVERSION = YES;
				CLANG_WARN_INT_CONVERSION = YES;
				CLANG_WARN_OBJC_ROOT_CLASS = YES_ERROR;
				CLANG_WARN_UNREACHABLE_CODE = YES;
				CLANG_WARN__DUPLICATE_METHOD_MATCH = YES;
				"CODE_SIGN_IDENTITY[sdk=iphoneos*]" = "iPhone Developer";
				COPY_PHASE_STRIP = NO;
				ENABLE_STRICT_OBJC_MSGSEND = YES;
				GCC_C_LANGUAGE_STANDARD = gnu99;
				GCC_DYNAMIC_NO_PIC = NO;
				GCC_OPTIMIZATION_LEVEL = 0;
				GCC_PREPROCESSOR_DEFINITIONS = (
					"DEBUG=1",
					"$(inherited)",
				);
				GCC_SYMBOLS_PRIVATE_EXTERN = NO;
				GCC_WARN_64_TO_32_BIT_CONVERSION = YES;
				GCC_WARN_ABOUT_RETURN_TYPE = YES_ERROR;
				GCC_WARN_UNDECLARED_SELECTOR = YES;
				GCC_WARN_UNINITIALIZED_AUTOS = YES_AGGRESSIVE;
				GCC_WARN_UNUSED_FUNCTION = YES;
				GCC_WARN_UNUSED_VARIABLE = YES;
				IPHONEOS_DEPLOYMENT_TARGET = 8.1;
				MTL_ENABLE_DEBUG_INFO = YES;
				ONLY_ACTIVE_ARCH = YES;
				SDKROOT = iphoneos;
			};
			name = Debug;
		};
		879161B01A10B04F00720F43 /* Release */ = {
			isa = XCBuildConfiguration;
			buildSettings = {
				ALWAYS_SEARCH_USER_PATHS = NO;
				CLANG_CXX_LANGUAGE_STANDARD = "gnu++0x";
				CLANG_CXX_LIBRARY = "libc++";
				CLANG_ENABLE_MODULES = YES;
				CLANG_ENABLE_OBJC_ARC = YES;
				CLANG_WARN_BOOL_CONVERSION = YES;
				CLANG_WARN_CONSTANT_CONVERSION = YES;
				CLANG_WARN_DIRECT_OBJC_ISA_USAGE = YES_ERROR;
				CLANG_WARN_EMPTY_BODY = YES;
				CLANG_WARN_ENUM_CONVERSION = YES;
				CLANG_WARN_INT_CONVERSION = YES;
				CLANG_WARN_OBJC_ROOT_CLASS = YES_ERROR;
				CLANG_WARN_UNREACHABLE_CODE = YES;
				CLANG_WARN__DUPLICATE_METHOD_MATCH = YES;
				"CODE_SIGN_IDENTITY[sdk=iphoneos*]" = "iPhone Developer";
				COPY_PHASE_STRIP = YES;
				ENABLE_NS_ASSERTIONS = NO;
				ENABLE_STRICT_OBJC_MSGSEND = YES;
				GCC_C_LANGUAGE_STANDARD = gnu99;
				GCC_WARN_64_TO_32_BIT_CONVERSION = YES;
				GCC_WARN_ABOUT_RETURN_TYPE = YES_ERROR;
				GCC_WARN_UNDECLARED_SELECTOR = YES;
				GCC_WARN_UNINITIALIZED_AUTOS = YES_AGGRESSIVE;
				GCC_WARN_UNUSED_FUNCTION = YES;
				GCC_WARN_UNUSED_VARIABLE = YES;
				IPHONEOS_DEPLOYMENT_TARGET = 8.1;
				MTL_ENABLE_DEBUG_INFO = NO;
				SDKROOT = iphoneos;
				VALIDATE_PRODUCT = YES;
			};
			name = Release;
		};
		879161B21A10B04F00720F43 /* Debug */ = {
			isa = XCBuildConfiguration;
			buildSettings = {
				ASSETCATALOG_COMPILER_APPICON_NAME = AppIcon;
				INFOPLIST_FILE = LocalNotification/Info.plist;
				IPHONEOS_DEPLOYMENT_TARGET = 6.1;
				LD_RUNPATH_SEARCH_PATHS = "$(inherited) @executable_path/Frameworks";
				PRODUCT_NAME = "$(TARGET_NAME)";
			};
			name = Debug;
		};
		879161B31A10B04F00720F43 /* Release */ = {
			isa = XCBuildConfiguration;
			buildSettings = {
				ASSETCATALOG_COMPILER_APPICON_NAME = AppIcon;
				INFOPLIST_FILE = LocalNotification/Info.plist;
				IPHONEOS_DEPLOYMENT_TARGET = 6.1;
				LD_RUNPATH_SEARCH_PATHS = "$(inherited) @executable_path/Frameworks";
				PRODUCT_NAME = "$(TARGET_NAME)";
			};
			name = Release;
		};
		879161B51A10B04F00720F43 /* Debug */ = {
			isa = XCBuildConfiguration;
			buildSettings = {
				BUNDLE_LOADER = "$(TEST_HOST)";
				FRAMEWORK_SEARCH_PATHS = (
					"$(SDKROOT)/Developer/Library/Frameworks",
					"$(inherited)",
				);
				GCC_PREPROCESSOR_DEFINITIONS = (
					"DEBUG=1",
					"$(inherited)",
				);
				INFOPLIST_FILE = LocalNotificationTests/Info.plist;
				LD_RUNPATH_SEARCH_PATHS = "$(inherited) @executable_path/Frameworks @loader_path/Frameworks";
				PRODUCT_NAME = "$(TARGET_NAME)";
				TEST_HOST = "$(BUILT_PRODUCTS_DIR)/LocalNotification.app/LocalNotification";
			};
			name = Debug;
		};
		879161B61A10B04F00720F43 /* Release */ = {
			isa = XCBuildConfiguration;
			buildSettings = {
				BUNDLE_LOADER = "$(TEST_HOST)";
				FRAMEWORK_SEARCH_PATHS = (
					"$(SDKROOT)/Developer/Library/Frameworks",
					"$(inherited)",
				);
				INFOPLIST_FILE = LocalNotificationTests/Info.plist;
				LD_RUNPATH_SEARCH_PATHS = "$(inherited) @executable_path/Frameworks @loader_path/Frameworks";
				PRODUCT_NAME = "$(TARGET_NAME)";
				TEST_HOST = "$(BUILT_PRODUCTS_DIR)/LocalNotification.app/LocalNotification";
			};
			name = Release;
		};
/* End XCBuildConfiguration section */

/* Begin XCConfigurationList section */
		879161891A10B04E00720F43 /* Build configuration list for PBXProject "LocalNotification" */ = {
			isa = XCConfigurationList;
			buildConfigurations = (
				879161AF1A10B04F00720F43 /* Debug */,
				879161B01A10B04F00720F43 /* Release */,
			);
			defaultConfigurationIsVisible = 0;
			defaultConfigurationName = Release;
		};
		879161B11A10B04F00720F43 /* Build configuration list for PBXNativeTarget "LocalNotification" */ = {
			isa = XCConfigurationList;
			buildConfigurations = (
				879161B21A10B04F00720F43 /* Debug */,
				879161B31A10B04F00720F43 /* Release */,
			);
			defaultConfigurationIsVisible = 0;
			defaultConfigurationName = Release;
		};
		879161B41A10B04F00720F43 /* Build configuration list for PBXNativeTarget "LocalNotificationTests" */ = {
			isa = XCConfigurationList;
			buildConfigurations = (
				879161B51A10B04F00720F43 /* Debug */,
				879161B61A10B04F00720F43 /* Release */,
			);
			defaultConfigurationIsVisible = 0;
			defaultConfigurationName = Release;
		};
/* End XCConfigurationList section */
	};
	rootObject = 879161861A10B04E00720F43 /* Project object */;
}
